
Microsoft Visual Studio Solution File, Format Version 12.00
# Visual Studio Version 17
VisualStudioVersion = 17.10.34928.147
MinimumVisualStudioVersion = 10.0.40219.1
Project("{FAE04EC0-301F-11D3-BF4B-00C04F79EFBC}") = "FiqhBot", "FiqhBot\FiqhBot.csproj", "{5ED54F21-8194-4962-92CB-24E1AD8259D6}"
EndProject
Global
	GlobalSection(SolutionConfigurationPlatforms) = preSolution
		Debug|Any CPU = Debug|Any CPU
		Release|Any CPU = Release|Any CPU
	EndGlobalSection
	GlobalSection(ProjectConfigurationPlatforms) = postSolution
		{5ED54F21-8194-4962-92CB-24E1AD8259D6}.Debug|Any CPU.ActiveCfg = Debug|Any CPU
		{5ED54F21-8194-4962-92CB-24E1AD8259D6}.Debug|Any CPU.Build.0 = Debug|Any CPU
		{5ED54F21-8194-4962-92CB-24E1AD8259D6}.Release|Any CPU.ActiveCfg = Release|Any CPU
		{5ED54F21-8194-4962-92CB-24E1AD8259D6}.Release|Any CPU.Build.0 = Release|Any CPU
	EndGlobalSection
	GlobalSection(SolutionProperties) = preSolution
		HideSolutionNode = FALSE
	EndGlobalSection
	GlobalSection(ExtensibilityGlobals) = postSolution
		SolutionGuid = {671D996B-BC71-4630-B457-6B93F46B0BF1}
	EndGlobalSection
EndGlobal
